
Microsoft Visual Studio Solution File, Format Version 12.00
# Visual Studio Version 17
VisualStudioVersion = 17.1.32421.90
MinimumVisualStudioVersion = 10.0.40219.1
Project("{FAE04EC0-301F-11D3-BF4B-00C04F79EFBC}") = "Grid", "Grid.csproj", "{52749582-D8EA-4742-B50D-FF7BC9553D03}"
EndProject
Global
	GlobalSection(SolutionConfigurationPlatforms) = preSolution
		Debug|Any CPU = Debug|Any CPU
		Release|Any CPU = Release|Any CPU
	EndGlobalSection
	GlobalSection(ProjectConfigurationPlatforms) = postSolution
		{52749582-D8EA-4742-B50D-FF7BC9553D03}.Debug|Any CPU.ActiveCfg = Debug|Any CPU
		{52749582-D8EA-4742-B50D-FF7BC9553D03}.Debug|Any CPU.Build.0 = Debug|Any CPU
		{52749582-D8EA-4742-B50D-FF7BC9553D03}.Release|Any CPU.ActiveCfg = Release|Any CPU
		{52749582-D8EA-4742-B50D-FF7BC9553D03}.Release|Any CPU.Build.0 = Release|Any CPU
	EndGlobalSection
	GlobalSection(SolutionProperties) = preSolution
		HideSolutionNode = FALSE
	EndGlobalSection
	GlobalSection(ExtensibilityGlobals) = postSolution
		SolutionGuid = {C3483464-FAC8-45A7-AEAA-5E83B6244435}
	EndGlobalSection
EndGlobal
