
Microsoft Visual Studio Solution File, Format Version 12.00
# Visual Studio Version 17
VisualStudioVersion = 17.1.32421.90
MinimumVisualStudioVersion = 10.0.40219.1
Project("{FAE04EC0-301F-11D3-BF4B-00C04F79EFBC}") = "MeddflixApi", "MeddflixApi.csproj", "{D3E78293-39AA-4D2F-A5D3-68920A3C840A}"
EndProject
Global
	GlobalSection(SolutionConfigurationPlatforms) = preSolution
		Debug|Any CPU = Debug|Any CPU
		Release|Any CPU = Release|Any CPU
	EndGlobalSection
	GlobalSection(ProjectConfigurationPlatforms) = postSolution
		{D3E78293-39AA-4D2F-A5D3-68920A3C840A}.Debug|Any CPU.ActiveCfg = Debug|Any CPU
		{D3E78293-39AA-4D2F-A5D3-68920A3C840A}.Debug|Any CPU.Build.0 = Debug|Any CPU
		{D3E78293-39AA-4D2F-A5D3-68920A3C840A}.Release|Any CPU.ActiveCfg = Release|Any CPU
		{D3E78293-39AA-4D2F-A5D3-68920A3C840A}.Release|Any CPU.Build.0 = Release|Any CPU
	EndGlobalSection
	GlobalSection(SolutionProperties) = preSolution
		HideSolutionNode = FALSE
	EndGlobalSection
	GlobalSection(ExtensibilityGlobals) = postSolution
		SolutionGuid = {97194CD3-2E21-40F5-82CD-6CA38E5125D6}
	EndGlobalSection
EndGlobal
